{
  "nodes": {
    "home-manager": {
      "inputs": {
        "nixpkgs": [
          "nixpkgs"
        ]
      },
      "locked": {
        "lastModified": 1651652192,
        "narHash": "sha256-3FUsIJ81p57rOxODRVZ+anhnVav96VWbgNA1H3Np+TY=",
        "owner": "nix-community",
        "repo": "home-manager",
        "rev": "267462dfb36d447421c789a3adf9d460cd09c147",
        "type": "github"
      },
      "original": {
        "owner": "nix-community",
        "repo": "home-manager",
        "type": "github"
      }
    },
    "nixos-hardware": {
      "locked": {
        "lastModified": 1650522846,
        "narHash": "sha256-SxWHXRI3qJwswyXAtzsi6PKVY3KLNNnb072KaJthII8=",
        "owner": "nixos",
        "repo": "nixos-hardware",
        "rev": "6b4ebea9093c997c5f275c820e679108de4871ab",
        "type": "github"
      },
      "original": {
        "owner": "nixos",
        "repo": "nixos-hardware",
        "type": "github"
      }
    },
    "nixpkgs": {
      "locked": {
        "lastModified": 1651558728,
        "narHash": "sha256-8HzyRnWlgZluUrVFNOfZAOlA1fghpOSezXvxhalGMUo=",
        "owner": "nixos",
        "repo": "nixpkgs",
        "rev": "cbe587c735b734405f56803e267820ee1559e6c1",
        "type": "github"
      },
      "original": {
        "owner": "nixos",
        "ref": "nixos-unstable",
        "repo": "nixpkgs",
        "type": "github"
      }
    },
    "nixpkgs-master": {
      "locked": {
        "lastModified": 1651713943,
        "narHash": "sha256-ah3R3by6qjShQAzTwvGXJCjS9TgNvoxEpuz5bIMI8q4=",
        "owner": "nixos",
        "repo": "nixpkgs",
        "rev": "31d2b31c113223eb6485d69457f71a0167068822",
        "type": "github"
      },
      "original": {
        "owner": "nixos",
        "ref": "master",
        "repo": "nixpkgs",
        "type": "github"
      }
    },
    "nixpkgs_2": {
      "locked": {
        "lastModified": 1638097282,
        "narHash": "sha256-EXCzj9b8X/lqDPJapxZThIOKL5ASbpsJZ+8L1LnY1ig=",
        "owner": "NixOS",
        "repo": "nixpkgs",
        "rev": "78cb77b29d37a9663e05b61abb4fa09465da4b70",
        "type": "github"
      },
      "original": {
        "owner": "NixOS",
        "ref": "nixpkgs-unstable",
        "repo": "nixpkgs",
        "type": "github"
      }
    },
    "nur": {
      "locked": {
        "lastModified": 1651708417,
        "narHash": "sha256-swZwYK8/vuPy1IbzR3GWnroJboybpQlbiQTu6YKn+tE=",
        "owner": "nix-community",
        "repo": "NUR",
        "rev": "03fb54220edcf45404f26405822f05fb9fb6766e",
        "type": "github"
      },
      "original": {
        "owner": "nix-community",
        "repo": "NUR",
        "type": "github"
      }
    },
    "root": {
      "inputs": {
        "home-manager": "home-manager",
        "nixos-hardware": "nixos-hardware",
        "nixpkgs": "nixpkgs",
        "nixpkgs-master": "nixpkgs-master",
        "nur": "nur",
        "sops-nix": "sops-nix"
      }
    },
    "sops-nix": {
      "inputs": {
        "nixpkgs": "nixpkgs_2"
      },
      "locked": {
        "lastModified": 1649756291,
        "narHash": "sha256-KTll8bCINAzIUGaaMrbn9wb5nfhkXRLgmFrWGR/Dku0=",
        "owner": "Mic92",
        "repo": "sops-nix",
        "rev": "c2614c4fe61943b3d280ac1892fcebe6e8eaf8c8",
        "type": "github"
      },
      "original": {
        "owner": "Mic92",
        "repo": "sops-nix",
        "type": "github"
      }
    }
  },
  "root": "root",
  "version": 7
}
